// !$*UTF8*$!
{
	archiveVersion = 1;
	classes = {
	};
	objectVersion = 50;
	objects = {

/* Begin PBXBuildFile section */
		C3BF76552209244800FBF7D5 /* main.cpp in Sources */ = {isa = PBXBuildFile; fileRef = C3BF76542209244800FBF7D5 /* main.cpp */; };
		C3BF76622209247100FBF7D5 /* main.cpp in Sources */ = {isa = PBXBuildFile; fileRef = C3BF765F2209247100FBF7D5 /* main.cpp */; };
/* End PBXBuildFile section */

/* Begin PBXCopyFilesBuildPhase section */
		C3BF764F2209244800FBF7D5 /* CopyFiles */ = {
			isa = PBXCopyFilesBuildPhase;
			buildActionMask = 2147483647;
			dstPath = /usr/share/man/man1/;
			dstSubfolderSpec = 0;
			files = (
			);
			runOnlyForDeploymentPostprocessing = 1;
		};
/* End PBXCopyFilesBuildPhase section */

/* Begin PBXFileReference section */
		C34FBC4D221E2E94003A73BD /* bnf.pdf */ = {isa = PBXFileReference; lastKnownFileType = image.pdf; path = bnf.pdf; sourceTree = "<group>"; };
		C34FBC4E221E3D52003A73BD /* HW2 Page1.HEIC */ = {isa = PBXFileReference; lastKnownFileType = file; name = "HW2 Page1.HEIC"; path = "Compiler Notes and Files/HW2/HW2 Page1.HEIC"; sourceTree = SOURCE_ROOT; };
		C34FBC4F221E3D52003A73BD /* H2 page2.jpg */ = {isa = PBXFileReference; lastKnownFileType = image.jpeg; name = "H2 page2.jpg"; path = "Compiler Notes and Files/HW2/H2 page2.jpg"; sourceTree = SOURCE_ROOT; };
		C3BF76512209244800FBF7D5 /* Compiler Notes and Files */ = {isa = PBXFileReference; explicitFileType = "compiled.mach-o.executable"; includeInIndex = 0; path = "Compiler Notes and Files"; sourceTree = BUILT_PRODUCTS_DIR; };
		C3BF76542209244800FBF7D5 /* main.cpp */ = {isa = PBXFileReference; lastKnownFileType = sourcecode.cpp.cpp; path = main.cpp; sourceTree = "<group>"; };
		C3BF765B2209247100FBF7D5 /* P0 notes.md */ = {isa = PBXFileReference; fileEncoding = 4; lastKnownFileType = net.daringfireball.markdown; path = "P0 notes.md"; sourceTree = SOURCE_ROOT; };
		C3BF765C2209247100FBF7D5 /* ProgrammingStandards.pdf */ = {isa = PBXFileReference; lastKnownFileType = image.pdf; name = ProgrammingStandards.pdf; path = "Compiler Notes and Files/Canvas Notes/ProgrammingStandards.pdf"; sourceTree = SOURCE_ROOT; };
		C3BF765D2209247100FBF7D5 /* Eric Goodwin CS4280 HW1.pdf */ = {isa = PBXFileReference; lastKnownFileType = image.pdf; name = "Eric Goodwin CS4280 HW1.pdf"; path = "Compiler Notes and Files/HW1/Eric Goodwin CS4280 HW1.pdf"; sourceTree = SOURCE_ROOT; };
		C3BF765E2209247100FBF7D5 /* Intro2Languages.pdf */ = {isa = PBXFileReference; lastKnownFileType = image.pdf; name = Intro2Languages.pdf; path = "Compiler Notes and Files/Canvas Notes/Intro2Languages.pdf"; sourceTree = SOURCE_ROOT; };
		C3BF765F2209247100FBF7D5 /* main.cpp */ = {isa = PBXFileReference; fileEncoding = 4; lastKnownFileType = sourcecode.cpp.cpp; path = main.cpp; sourceTree = SOURCE_ROOT; };
		C3BF76602209247100FBF7D5 /* ProgArch.pdf */ = {isa = PBXFileReference; lastKnownFileType = image.pdf; name = ProgArch.pdf; path = "Compiler Notes and Files/Canvas Notes/ProgArch.pdf"; sourceTree = SOURCE_ROOT; };
		C3BF76612209247100FBF7D5 /* Compilers Notes */ = {isa = PBXFileReference; fileEncoding = 4; lastKnownFileType = text; path = "Compilers Notes"; sourceTree = SOURCE_ROOT; };
		C3D6BFA32240541400EA6180 /* TopDownParsing.pdf */ = {isa = PBXFileReference; lastKnownFileType = image.pdf; path = TopDownParsing.pdf; sourceTree = "<group>"; };
		C3D6BFAB224055F600EA6180 /* HW2 Page1.HEIC */ = {isa = PBXFileReference; lastKnownFileType = file; path = "HW2 Page1.HEIC"; sourceTree = "<group>"; };
		C3D6BFAC224055F600EA6180 /* H2 page2.jpg */ = {isa = PBXFileReference; lastKnownFileType = image.jpeg; path = "H2 page2.jpg"; sourceTree = "<group>"; };
		C3D6BFAE224055F600EA6180 /* Eric Goodwin CS4280 HW1.pdf */ = {isa = PBXFileReference; lastKnownFileType = image.pdf; path = "Eric Goodwin CS4280 HW1.pdf"; sourceTree = "<group>"; };
		C3D6BFB72240573900EA6180 /* Eric Goodwin HW3 Answer 1.jpg */ = {isa = PBXFileReference; lastKnownFileType = image.jpeg; path = "Eric Goodwin HW3 Answer 1.jpg"; sourceTree = "<group>"; };
		C3D6BFB82240573900EA6180 /* Eric Goodwin HW3 Answer 4.HEIC */ = {isa = PBXFileReference; lastKnownFileType = file; path = "Eric Goodwin HW3 Answer 4.HEIC"; sourceTree = "<group>"; };
		C3D6BFB92240573900EA6180 /* Eric Goodwin HW3 answers 2 and 3.HEIC */ = {isa = PBXFileReference; lastKnownFileType = file; path = "Eric Goodwin HW3 answers 2 and 3.HEIC"; sourceTree = "<group>"; };
		C3D6BFBA2240573900EA6180 /* Eric Goodwin HW3 Answer 4.jpg */ = {isa = PBXFileReference; lastKnownFileType = image.jpeg; path = "Eric Goodwin HW3 Answer 4.jpg"; sourceTree = "<group>"; };
		C3D6BFBB2240573900EA6180 /* Eric Goodwin HW3 answers 2 and 3.jpg */ = {isa = PBXFileReference; lastKnownFileType = image.jpeg; path = "Eric Goodwin HW3 answers 2 and 3.jpg"; sourceTree = "<group>"; };
		C3D6BFBC2240573900EA6180 /* Eric Goodwin HW3 Answer 1.HEIC */ = {isa = PBXFileReference; lastKnownFileType = file; path = "Eric Goodwin HW3 Answer 1.HEIC"; sourceTree = "<group>"; };
		C3D6BFBE2240574700EA6180 /* IMG_0261.jpg */ = {isa = PBXFileReference; lastKnownFileType = image.jpeg; path = IMG_0261.jpg; sourceTree = "<group>"; };
		C3D6BFBF2240574700EA6180 /* IMG_0262.jpg */ = {isa = PBXFileReference; lastKnownFileType = image.jpeg; path = IMG_0262.jpg; sourceTree = "<group>"; };
		C3E9748D2239CFBD00AEA546 /* CFGParsing.pdf */ = {isa = PBXFileReference; lastKnownFileType = image.pdf; name = CFGParsing.pdf; path = "Compiler Notes and Files/Canvas Notes/CFGParsing.pdf"; sourceTree = SOURCE_ROOT; };
		C3F047F2221B8B7000B4CAC6 /* LexAnalysis.pdf */ = {isa = PBXFileReference; lastKnownFileType = image.pdf; name = LexAnalysis.pdf; path = "Compiler Notes and Files/Canvas Notes/LexAnalysis.pdf"; sourceTree = SOURCE_ROOT; };
		C3F047F3221B8E4F00B4CAC6 /* CompIntpTrans.pdf */ = {isa = PBXFileReference; lastKnownFileType = image.pdf; name = CompIntpTrans.pdf; path = "Compiler Notes and Files/Canvas Notes/CompIntpTrans.pdf"; sourceTree = SOURCE_ROOT; };
/* End PBXFileReference section */

/* Begin PBXFrameworksBuildPhase section */
		C3BF764E2209244800FBF7D5 /* Frameworks */ = {
			isa = PBXFrameworksBuildPhase;
			buildActionMask = 2147483647;
			files = (
			);
			runOnlyForDeploymentPostprocessing = 0;
		};
/* End PBXFrameworksBuildPhase section */

/* Begin PBXGroup section */
		C3BF76482209244800FBF7D5 = {
			isa = PBXGroup;
			children = (
				C3BF76532209244800FBF7D5 /* Compiler Notes and Files */,
				C3BF76522209244800FBF7D5 /* Products */,
			);
			sourceTree = "<group>";
		};
		C3BF76522209244800FBF7D5 /* Products */ = {
			isa = PBXGroup;
			children = (
				C3BF76512209244800FBF7D5 /* Compiler Notes and Files */,
			);
			name = Products;
			sourceTree = "<group>";
		};
		C3BF76532209244800FBF7D5 /* Compiler Notes and Files */ = {
			isa = PBXGroup;
			children = (
				C3D6BFBD2240574700EA6180 /* HW4 */,
				C3D6BFB62240573900EA6180 /* HW3 */,
				C3D6BFAD224055F600EA6180 /* HW1 */,
				C3D6BFAA224055F600EA6180 /* HW2 */,
				C3D6BFA52240544800EA6180 /* HW1 */,
				C3D6BFA42240542B00EA6180 /* HW2 */,
				C3D6BFA2224053B800EA6180 /* Canvas Notes */,
				C34FBC4D221E2E94003A73BD /* bnf.pdf */,
				C3BF76612209247100FBF7D5 /* Compilers Notes */,
				C3BF765F2209247100FBF7D5 /* main.cpp */,
				C3BF765B2209247100FBF7D5 /* P0 notes.md */,
				C3BF76542209244800FBF7D5 /* main.cpp */,
			);
			path = "Compiler Notes and Files";
			sourceTree = "<group>";
		};
		C3D6BFA2224053B800EA6180 /* Canvas Notes */ = {
			isa = PBXGroup;
			children = (
				C3BF765E2209247100FBF7D5 /* Intro2Languages.pdf */,
				C3D6BFA32240541400EA6180 /* TopDownParsing.pdf */,
				C3F047F3221B8E4F00B4CAC6 /* CompIntpTrans.pdf */,
				C3F047F2221B8B7000B4CAC6 /* LexAnalysis.pdf */,
				C3E9748D2239CFBD00AEA546 /* CFGParsing.pdf */,
				C3BF765C2209247100FBF7D5 /* ProgrammingStandards.pdf */,
				C3BF76602209247100FBF7D5 /* ProgArch.pdf */,
			);
			path = "Canvas Notes";
			sourceTree = "<group>";
		};
		C3D6BFA42240542B00EA6180 /* HW2 */ = {
			isa = PBXGroup;
			children = (
				C34FBC4E221E3D52003A73BD /* HW2 Page1.HEIC */,
				C34FBC4F221E3D52003A73BD /* H2 page2.jpg */,
			);
			path = HW2;
			sourceTree = "<group>";
		};
		C3D6BFA52240544800EA6180 /* HW1 */ = {
			isa = PBXGroup;
			children = (
				C3BF765D2209247100FBF7D5 /* Eric Goodwin CS4280 HW1.pdf */,
			);
			path = HW1;
			sourceTree = "<group>";
		};
		C3D6BFAA224055F600EA6180 /* HW2 */ = {
			isa = PBXGroup;
			children = (
				C3D6BFAB224055F600EA6180 /* HW2 Page1.HEIC */,
				C3D6BFAC224055F600EA6180 /* H2 page2.jpg */,
			);
			path = HW2;
			sourceTree = "<group>";
		};
		C3D6BFAD224055F600EA6180 /* HW1 */ = {
			isa = PBXGroup;
			children = (
				C3D6BFAE224055F600EA6180 /* Eric Goodwin CS4280 HW1.pdf */,
			);
			path = HW1;
			sourceTree = "<group>";
		};
		C3D6BFB62240573900EA6180 /* HW3 */ = {
			isa = PBXGroup;
			children = (
				C3D6BFB72240573900EA6180 /* Eric Goodwin HW3 Answer 1.jpg */,
				C3D6BFB82240573900EA6180 /* Eric Goodwin HW3 Answer 4.HEIC */,
				C3D6BFB92240573900EA6180 /* Eric Goodwin HW3 answers 2 and 3.HEIC */,
				C3D6BFBA2240573900EA6180 /* Eric Goodwin HW3 Answer 4.jpg */,
				C3D6BFBB2240573900EA6180 /* Eric Goodwin HW3 answers 2 and 3.jpg */,
				C3D6BFBC2240573900EA6180 /* Eric Goodwin HW3 Answer 1.HEIC */,
			);
			path = HW3;
			sourceTree = "<group>";
		};
		C3D6BFBD2240574700EA6180 /* HW4 */ = {
			isa = PBXGroup;
			children = (
				C3D6BFBE2240574700EA6180 /* IMG_0261.jpg */,
				C3D6BFBF2240574700EA6180 /* IMG_0262.jpg */,
			);
			path = HW4;
			sourceTree = "<group>";
		};
/* End PBXGroup section */

/* Begin PBXNativeTarget section */
		C3BF76502209244800FBF7D5 /* Compiler Notes and Files */ = {
			isa = PBXNativeTarget;
			buildConfigurationList = C3BF76582209244800FBF7D5 /* Build configuration list for PBXNativeTarget "Compiler Notes and Files" */;
			buildPhases = (
				C3BF764D2209244800FBF7D5 /* Sources */,
				C3BF764E2209244800FBF7D5 /* Frameworks */,
				C3BF764F2209244800FBF7D5 /* CopyFiles */,
			);
			buildRules = (
			);
			dependencies = (
			);
			name = "Compiler Notes and Files";
			productName = "Compiler Notes and Files";
			productReference = C3BF76512209244800FBF7D5 /* Compiler Notes and Files */;
			productType = "com.apple.product-type.tool";
		};
/* End PBXNativeTarget section */

/* Begin PBXProject section */
		C3BF76492209244800FBF7D5 /* Project object */ = {
			isa = PBXProject;
			attributes = {
				LastUpgradeCheck = 1010;
				ORGANIZATIONNAME = umsl;
				TargetAttributes = {
					C3BF76502209244800FBF7D5 = {
						CreatedOnToolsVersion = 10.1;
					};
				};
			};
			buildConfigurationList = C3BF764C2209244800FBF7D5 /* Build configuration list for PBXProject "Compiler Notes and Files" */;
			compatibilityVersion = "Xcode 9.3";
			developmentRegion = en;
			hasScannedForEncodings = 0;
			knownRegions = (
				en,
			);
			mainGroup = C3BF76482209244800FBF7D5;
			productRefGroup = C3BF76522209244800FBF7D5 /* Products */;
			projectDirPath = "";
			projectRoot = "";
			targets = (
				C3BF76502209244800FBF7D5 /* Compiler Notes and Files */,
			);
		};
/* End PBXProject section */

/* Begin PBXSourcesBuildPhase section */
		C3BF764D2209244800FBF7D5 /* Sources */ = {
			isa = PBXSourcesBuildPhase;
			buildActionMask = 2147483647;
			files = (
				C3BF76622209247100FBF7D5 /* main.cpp in Sources */,
				C3BF76552209244800FBF7D5 /* main.cpp in Sources */,
			);
			runOnlyForDeploymentPostprocessing = 0;
		};
/* End PBXSourcesBuildPhase section */

/* Begin XCBuildConfiguration section */
		C3BF76562209244800FBF7D5 /* Debug */ = {
			isa = XCBuildConfiguration;
			buildSettings = {
				ALWAYS_SEARCH_USER_PATHS = NO;
				CLANG_ANALYZER_NONNULL = YES;
				CLANG_ANALYZER_NUMBER_OBJECT_CONVERSION = YES_AGGRESSIVE;
				CLANG_CXX_LANGUAGE_STANDARD = "gnu++14";
				CLANG_CXX_LIBRARY = "libc++";
				CLANG_ENABLE_MODULES = YES;
				CLANG_ENABLE_OBJC_ARC = YES;
				CLANG_ENABLE_OBJC_WEAK = YES;
				CLANG_WARN_BLOCK_CAPTURE_AUTORELEASING = YES;
				CLANG_WARN_BOOL_CONVERSION = YES;
				CLANG_WARN_COMMA = YES;
				CLANG_WARN_CONSTANT_CONVERSION = YES;
				CLANG_WARN_DEPRECATED_OBJC_IMPLEMENTATIONS = YES;
				CLANG_WARN_DIRECT_OBJC_ISA_USAGE = YES_ERROR;
				CLANG_WARN_DOCUMENTATION_COMMENTS = YES;
				CLANG_WARN_EMPTY_BODY = YES;
				CLANG_WARN_ENUM_CONVERSION = YES;
				CLANG_WARN_INFINITE_RECURSION = YES;
				CLANG_WARN_INT_CONVERSION = YES;
				CLANG_WARN_NON_LITERAL_NULL_CONVERSION = YES;
				CLANG_WARN_OBJC_IMPLICIT_RETAIN_SELF = YES;
				CLANG_WARN_OBJC_LITERAL_CONVERSION = YES;
				CLANG_WARN_OBJC_ROOT_CLASS = YES_ERROR;
				CLANG_WARN_RANGE_LOOP_ANALYSIS = YES;
				CLANG_WARN_STRICT_PROTOTYPES = YES;
				CLANG_WARN_SUSPICIOUS_MOVE = YES;
				CLANG_WARN_UNGUARDED_AVAILABILITY = YES_AGGRESSIVE;
				CLANG_WARN_UNREACHABLE_CODE = YES;
				CLANG_WARN__DUPLICATE_METHOD_MATCH = YES;
				CODE_SIGN_IDENTITY = "Mac Developer";
				COPY_PHASE_STRIP = NO;
				DEBUG_INFORMATION_FORMAT = dwarf;
				ENABLE_STRICT_OBJC_MSGSEND = YES;
				ENABLE_TESTABILITY = YES;
				GCC_C_LANGUAGE_STANDARD = gnu11;
				GCC_DYNAMIC_NO_PIC = NO;
				GCC_NO_COMMON_BLOCKS = YES;
				GCC_OPTIMIZATION_LEVEL = 0;
				GCC_PREPROCESSOR_DEFINITIONS = (
					"DEBUG=1",
					"$(inherited)",
				);
				GCC_WARN_64_TO_32_BIT_CONVERSION = YES;
				GCC_WARN_ABOUT_RETURN_TYPE = YES_ERROR;
				GCC_WARN_UNDECLARED_SELECTOR = YES;
				GCC_WARN_UNINITIALIZED_AUTOS = YES_AGGRESSIVE;
				GCC_WARN_UNUSED_FUNCTION = YES;
				GCC_WARN_UNUSED_VARIABLE = YES;
				MACOSX_DEPLOYMENT_TARGET = 10.14;
				MTL_ENABLE_DEBUG_INFO = INCLUDE_SOURCE;
				MTL_FAST_MATH = YES;
				ONLY_ACTIVE_ARCH = YES;
				SDKROOT = macosx;
			};
			name = Debug;
		};
		C3BF76572209244800FBF7D5 /* Release */ = {
			isa = XCBuildConfiguration;
			buildSettings = {
				ALWAYS_SEARCH_USER_PATHS = NO;
				CLANG_ANALYZER_NONNULL = YES;
				CLANG_ANALYZER_NUMBER_OBJECT_CONVERSION = YES_AGGRESSIVE;
				CLANG_CXX_LANGUAGE_STANDARD = "gnu++14";
				CLANG_CXX_LIBRARY = "libc++";
				CLANG_ENABLE_MODULES = YES;
				CLANG_ENABLE_OBJC_ARC = YES;
				CLANG_ENABLE_OBJC_WEAK = YES;
				CLANG_WARN_BLOCK_CAPTURE_AUTORELEASING = YES;
				CLANG_WARN_BOOL_CONVERSION = YES;
				CLANG_WARN_COMMA = YES;
				CLANG_WARN_CONSTANT_CONVERSION = YES;
				CLANG_WARN_DEPRECATED_OBJC_IMPLEMENTATIONS = YES;
				CLANG_WARN_DIRECT_OBJC_ISA_USAGE = YES_ERROR;
				CLANG_WARN_DOCUMENTATION_COMMENTS = YES;
				CLANG_WARN_EMPTY_BODY = YES;
				CLANG_WARN_ENUM_CONVERSION = YES;
				CLANG_WARN_INFINITE_RECURSION = YES;
				CLANG_WARN_INT_CONVERSION = YES;
				CLANG_WARN_NON_LITERAL_NULL_CONVERSION = YES;
				CLANG_WARN_OBJC_IMPLICIT_RETAIN_SELF = YES;
				CLANG_WARN_OBJC_LITERAL_CONVERSION = YES;
				CLANG_WARN_OBJC_ROOT_CLASS = YES_ERROR;
				CLANG_WARN_RANGE_LOOP_ANALYSIS = YES;
				CLANG_WARN_STRICT_PROTOTYPES = YES;
				CLANG_WARN_SUSPICIOUS_MOVE = YES;
				CLANG_WARN_UNGUARDED_AVAILABILITY = YES_AGGRESSIVE;
				CLANG_WARN_UNREACHABLE_CODE = YES;
				CLANG_WARN__DUPLICATE_METHOD_MATCH = YES;
				CODE_SIGN_IDENTITY = "Mac Developer";
				COPY_PHASE_STRIP = NO;
				DEBUG_INFORMATION_FORMAT = "dwarf-with-dsym";
				ENABLE_NS_ASSERTIONS = NO;
				ENABLE_STRICT_OBJC_MSGSEND = YES;
				GCC_C_LANGUAGE_STANDARD = gnu11;
				GCC_NO_COMMON_BLOCKS = YES;
				GCC_WARN_64_TO_32_BIT_CONVERSION = YES;
				GCC_WARN_ABOUT_RETURN_TYPE = YES_ERROR;
				GCC_WARN_UNDECLARED_SELECTOR = YES;
				GCC_WARN_UNINITIALIZED_AUTOS = YES_AGGRESSIVE;
				GCC_WARN_UNUSED_FUNCTION = YES;
				GCC_WARN_UNUSED_VARIABLE = YES;
				MACOSX_DEPLOYMENT_TARGET = 10.14;
				MTL_ENABLE_DEBUG_INFO = NO;
				MTL_FAST_MATH = YES;
				SDKROOT = macosx;
			};
			name = Release;
		};
		C3BF76592209244800FBF7D5 /* Debug */ = {
			isa = XCBuildConfiguration;
			buildSettings = {
				CODE_SIGN_STYLE = Automatic;
				DEVELOPMENT_TEAM = RS9SG27A77;
				PRODUCT_NAME = "$(TARGET_NAME)";
			};
			name = Debug;
		};
		C3BF765A2209244800FBF7D5 /* Release */ = {
			isa = XCBuildConfiguration;
			buildSettings = {
				CODE_SIGN_STYLE = Automatic;
				DEVELOPMENT_TEAM = RS9SG27A77;
				PRODUCT_NAME = "$(TARGET_NAME)";
			};
			name = Release;
		};
/* End XCBuildConfiguration section */

/* Begin XCConfigurationList section */
		C3BF764C2209244800FBF7D5 /* Build configuration list for PBXProject "Compiler Notes and Files" */ = {
			isa = XCConfigurationList;
			buildConfigurations = (
				C3BF76562209244800FBF7D5 /* Debug */,
				C3BF76572209244800FBF7D5 /* Release */,
			);
			defaultConfigurationIsVisible = 0;
			defaultConfigurationName = Release;
		};
		C3BF76582209244800FBF7D5 /* Build configuration list for PBXNativeTarget "Compiler Notes and Files" */ = {
			isa = XCConfigurationList;
			buildConfigurations = (
				C3BF76592209244800FBF7D5 /* Debug */,
				C3BF765A2209244800FBF7D5 /* Release */,
			);
			defaultConfigurationIsVisible = 0;
			defaultConfigurationName = Release;
		};
/* End XCConfigurationList section */
	};
	rootObject = C3BF76492209244800FBF7D5 /* Project object */;
}
